
Microsoft Visual Studio Solution File, Format Version 12.00
# Visual Studio Version 17
VisualStudioVersion = 17.10.35201.131
MinimumVisualStudioVersion = 10.0.40219.1
Project("{FAE04EC0-301F-11D3-BF4B-00C04F79EFBC}") = "LearningCodeLanguage", "LearningCodeLanguage.csproj", "{991D6A7F-8FB6-4648-BDED-75617B3D6AE7}"
EndProject
Global
	GlobalSection(SolutionConfigurationPlatforms) = preSolution
		Debug|Any CPU = Debug|Any CPU
		Release|Any CPU = Release|Any CPU
	EndGlobalSection
	GlobalSection(ProjectConfigurationPlatforms) = postSolution
		{991D6A7F-8FB6-4648-BDED-75617B3D6AE7}.Debug|Any CPU.ActiveCfg = Debug|Any CPU
		{991D6A7F-8FB6-4648-BDED-75617B3D6AE7}.Debug|Any CPU.Build.0 = Debug|Any CPU
		{991D6A7F-8FB6-4648-BDED-75617B3D6AE7}.Release|Any CPU.ActiveCfg = Release|Any CPU
		{991D6A7F-8FB6-4648-BDED-75617B3D6AE7}.Release|Any CPU.Build.0 = Release|Any CPU
	EndGlobalSection
	GlobalSection(SolutionProperties) = preSolution
		HideSolutionNode = FALSE
	EndGlobalSection
	GlobalSection(ExtensibilityGlobals) = postSolution
		SolutionGuid = {5FA3C502-66D6-4773-BFFB-D8FC91784684}
	EndGlobalSection
EndGlobal
